
Microsoft Visual Studio Solution File, Format Version 12.00
# Visual Studio Version 17
VisualStudioVersion = 17.3.32819.101
MinimumVisualStudioVersion = 10.0.40219.1
Project("{FAE04EC0-301F-11D3-BF4B-00C04F79EFBC}") = "EmBuscaDaHeranca", "EmBuscaDaHeranca.csproj", "{9625D20C-3529-4D02-8274-549E998F282B}"
EndProject
Global
	GlobalSection(SolutionConfigurationPlatforms) = preSolution
		Debug|Any CPU = Debug|Any CPU
		Release|Any CPU = Release|Any CPU
	EndGlobalSection
	GlobalSection(ProjectConfigurationPlatforms) = postSolution
		{9625D20C-3529-4D02-8274-549E998F282B}.Debug|Any CPU.ActiveCfg = Debug|Any CPU
		{9625D20C-3529-4D02-8274-549E998F282B}.Debug|Any CPU.Build.0 = Debug|Any CPU
		{9625D20C-3529-4D02-8274-549E998F282B}.Release|Any CPU.ActiveCfg = Release|Any CPU
		{9625D20C-3529-4D02-8274-549E998F282B}.Release|Any CPU.Build.0 = Release|Any CPU
	EndGlobalSection
	GlobalSection(SolutionProperties) = preSolution
		HideSolutionNode = FALSE
	EndGlobalSection
	GlobalSection(ExtensibilityGlobals) = postSolution
		SolutionGuid = {380DF737-E3E6-431D-8E7A-CE1CC79D0AB2}
	EndGlobalSection
EndGlobal
