
Microsoft Visual Studio Solution File, Format Version 12.00
# Visual Studio Version 17
VisualStudioVersion = 17.3.32819.101
MinimumVisualStudioVersion = 10.0.40219.1
Project("{FAE04EC0-301F-11D3-BF4B-00C04F79EFBC}") = "MeuObjetoToppt2", "MeuObjetoToppt2.csproj", "{BA6B3FFE-87D8-47D5-9D9C-B1A22B591D19}"
EndProject
Global
	GlobalSection(SolutionConfigurationPlatforms) = preSolution
		Debug|Any CPU = Debug|Any CPU
		Release|Any CPU = Release|Any CPU
	EndGlobalSection
	GlobalSection(ProjectConfigurationPlatforms) = postSolution
		{BA6B3FFE-87D8-47D5-9D9C-B1A22B591D19}.Debug|Any CPU.ActiveCfg = Debug|Any CPU
		{BA6B3FFE-87D8-47D5-9D9C-B1A22B591D19}.Debug|Any CPU.Build.0 = Debug|Any CPU
		{BA6B3FFE-87D8-47D5-9D9C-B1A22B591D19}.Release|Any CPU.ActiveCfg = Release|Any CPU
		{BA6B3FFE-87D8-47D5-9D9C-B1A22B591D19}.Release|Any CPU.Build.0 = Release|Any CPU
	EndGlobalSection
	GlobalSection(SolutionProperties) = preSolution
		HideSolutionNode = FALSE
	EndGlobalSection
	GlobalSection(ExtensibilityGlobals) = postSolution
		SolutionGuid = {BB6D37AD-9D1B-4225-90E4-FFDBF46122A4}
	EndGlobalSection
EndGlobal
