
Microsoft Visual Studio Solution File, Format Version 12.00
# Visual Studio Version 17
VisualStudioVersion = 17.3.32819.101
MinimumVisualStudioVersion = 10.0.40219.1
Project("{FAE04EC0-301F-11D3-BF4B-00C04F79EFBC}") = "MeuObjetoToppt03", "MeuObjetoToppt03.csproj", "{7F1C1927-71D3-4F39-8E23-BC4480578E7A}"
EndProject
Global
	GlobalSection(SolutionConfigurationPlatforms) = preSolution
		Debug|Any CPU = Debug|Any CPU
		Release|Any CPU = Release|Any CPU
	EndGlobalSection
	GlobalSection(ProjectConfigurationPlatforms) = postSolution
		{7F1C1927-71D3-4F39-8E23-BC4480578E7A}.Debug|Any CPU.ActiveCfg = Debug|Any CPU
		{7F1C1927-71D3-4F39-8E23-BC4480578E7A}.Debug|Any CPU.Build.0 = Debug|Any CPU
		{7F1C1927-71D3-4F39-8E23-BC4480578E7A}.Release|Any CPU.ActiveCfg = Release|Any CPU
		{7F1C1927-71D3-4F39-8E23-BC4480578E7A}.Release|Any CPU.Build.0 = Release|Any CPU
	EndGlobalSection
	GlobalSection(SolutionProperties) = preSolution
		HideSolutionNode = FALSE
	EndGlobalSection
	GlobalSection(ExtensibilityGlobals) = postSolution
		SolutionGuid = {2C6CB212-08F6-4738-853B-DA9D13887DA6}
	EndGlobalSection
EndGlobal
